
Microsoft Visual Studio Solution File, Format Version 12.00
# Visual Studio Version 16
VisualStudioVersion = 16.0.31229.75
MinimumVisualStudioVersion = 10.0.40219.1
Project("{9A19103F-16F7-4668-BE54-9A1E7A4F7556}") = "DataAccess", "DataAccess\DataAccess.csproj", "{4C7050FC-05FF-4F24-92D6-EFDA127E718C}"
EndProject
Project("{9A19103F-16F7-4668-BE54-9A1E7A4F7556}") = "Business", "Business\Business.csproj", "{3B759FF5-41CB-428F-A7F6-7D946BE7E1EC}"
EndProject
Project("{9A19103F-16F7-4668-BE54-9A1E7A4F7556}") = "Entities", "Entities\Entities.csproj", "{01F1BEE6-EEC1-4710-9C42-E7819F1824F6}"
EndProject
Project("{9A19103F-16F7-4668-BE54-9A1E7A4F7556}") = "ConsoleUI", "ConsoleUI\ConsoleUI.csproj", "{95E31F3A-86EE-43F6-86A1-4A3BABE0F56B}"
EndProject
Project("{9A19103F-16F7-4668-BE54-9A1E7A4F7556}") = "Core", "Core\Core.csproj", "{F1CEB430-7548-401C-8921-4946C7BF97CD}"
EndProject
Project("{FAE04EC0-301F-11D3-BF4B-00C04F79EFBC}") = "WebAPI", "WebAPI\WebAPI.csproj", "{3448C806-8BFB-4182-8384-FACCADC80401}"
EndProject
Global
	GlobalSection(SolutionConfigurationPlatforms) = preSolution
		Debug|Any CPU = Debug|Any CPU
		Release|Any CPU = Release|Any CPU
	EndGlobalSection
	GlobalSection(ProjectConfigurationPlatforms) = postSolution
		{4C7050FC-05FF-4F24-92D6-EFDA127E718C}.Debug|Any CPU.ActiveCfg = Debug|Any CPU
		{4C7050FC-05FF-4F24-92D6-EFDA127E718C}.Debug|Any CPU.Build.0 = Debug|Any CPU
		{4C7050FC-05FF-4F24-92D6-EFDA127E718C}.Release|Any CPU.ActiveCfg = Release|Any CPU
		{4C7050FC-05FF-4F24-92D6-EFDA127E718C}.Release|Any CPU.Build.0 = Release|Any CPU
		{3B759FF5-41CB-428F-A7F6-7D946BE7E1EC}.Debug|Any CPU.ActiveCfg = Debug|Any CPU
		{3B759FF5-41CB-428F-A7F6-7D946BE7E1EC}.Debug|Any CPU.Build.0 = Debug|Any CPU
		{3B759FF5-41CB-428F-A7F6-7D946BE7E1EC}.Release|Any CPU.ActiveCfg = Release|Any CPU
		{3B759FF5-41CB-428F-A7F6-7D946BE7E1EC}.Release|Any CPU.Build.0 = Release|Any CPU
		{01F1BEE6-EEC1-4710-9C42-E7819F1824F6}.Debug|Any CPU.ActiveCfg = Debug|Any CPU
		{01F1BEE6-EEC1-4710-9C42-E7819F1824F6}.Debug|Any CPU.Build.0 = Debug|Any CPU
		{01F1BEE6-EEC1-4710-9C42-E7819F1824F6}.Release|Any CPU.ActiveCfg = Release|Any CPU
		{01F1BEE6-EEC1-4710-9C42-E7819F1824F6}.Release|Any CPU.Build.0 = Release|Any CPU
		{95E31F3A-86EE-43F6-86A1-4A3BABE0F56B}.Debug|Any CPU.ActiveCfg = Debug|Any CPU
		{95E31F3A-86EE-43F6-86A1-4A3BABE0F56B}.Debug|Any CPU.Build.0 = Debug|Any CPU
		{95E31F3A-86EE-43F6-86A1-4A3BABE0F56B}.Release|Any CPU.ActiveCfg = Release|Any CPU
		{95E31F3A-86EE-43F6-86A1-4A3BABE0F56B}.Release|Any CPU.Build.0 = Release|Any CPU
		{F1CEB430-7548-401C-8921-4946C7BF97CD}.Debug|Any CPU.ActiveCfg = Debug|Any CPU
		{F1CEB430-7548-401C-8921-4946C7BF97CD}.Debug|Any CPU.Build.0 = Debug|Any CPU
		{F1CEB430-7548-401C-8921-4946C7BF97CD}.Release|Any CPU.ActiveCfg = Release|Any CPU
		{F1CEB430-7548-401C-8921-4946C7BF97CD}.Release|Any CPU.Build.0 = Release|Any CPU
		{3448C806-8BFB-4182-8384-FACCADC80401}.Debug|Any CPU.ActiveCfg = Debug|Any CPU
		{3448C806-8BFB-4182-8384-FACCADC80401}.Debug|Any CPU.Build.0 = Debug|Any CPU
		{3448C806-8BFB-4182-8384-FACCADC80401}.Release|Any CPU.ActiveCfg = Release|Any CPU
		{3448C806-8BFB-4182-8384-FACCADC80401}.Release|Any CPU.Build.0 = Release|Any CPU
	EndGlobalSection
	GlobalSection(SolutionProperties) = preSolution
		HideSolutionNode = FALSE
	EndGlobalSection
	GlobalSection(ExtensibilityGlobals) = postSolution
		SolutionGuid = {4EE20154-2B57-4DFC-856D-3FC6B66A596C}
	EndGlobalSection
EndGlobal
